// !$*UTF8*$!
{
	archiveVersion = 1;
	classes = {
	};
	objectVersion = 46;
	objects = {

/* Begin PBXBuildFile section */
		B314E3631B3851AE0014D4FD /* AppDelegate.swift in Sources */ = {isa = PBXBuildFile; fileRef = B314E3621B3851AE0014D4FD /* AppDelegate.swift */; };
		B314E3661B3851AE0014D4FD /* CoreDataSample.xcdatamodeld in Sources */ = {isa = PBXBuildFile; fileRef = B314E3641B3851AE0014D4FD /* CoreDataSample.xcdatamodeld */; };
		B314E3681B3851AE0014D4FD /* ViewController.swift in Sources */ = {isa = PBXBuildFile; fileRef = B314E3671B3851AE0014D4FD /* ViewController.swift */; };
		B314E36B1B3851AE0014D4FD /* Main.storyboard in Resources */ = {isa = PBXBuildFile; fileRef = B314E3691B3851AE0014D4FD /* Main.storyboard */; };
		B314E36D1B3851AE0014D4FD /* Images.xcassets in Resources */ = {isa = PBXBuildFile; fileRef = B314E36C1B3851AE0014D4FD /* Images.xcassets */; };
		B314E3701B3851AE0014D4FD /* LaunchScreen.xib in Resources */ = {isa = PBXBuildFile; fileRef = B314E36E1B3851AE0014D4FD /* LaunchScreen.xib */; };
		B314E37C1B3851AE0014D4FD /* CoreDataSampleTests.swift in Sources */ = {isa = PBXBuildFile; fileRef = B314E37B1B3851AE0014D4FD /* CoreDataSampleTests.swift */; };
		B314E3891B3855480014D4FD /* Memos.swift in Sources */ = {isa = PBXBuildFile; fileRef = B314E3881B3855480014D4FD /* Memos.swift */; };
/* End PBXBuildFile section */

/* Begin PBXContainerItemProxy section */
		B314E3761B3851AE0014D4FD /* PBXContainerItemProxy */ = {
			isa = PBXContainerItemProxy;
			containerPortal = B314E3551B3851AE0014D4FD /* Project object */;
			proxyType = 1;
			remoteGlobalIDString = B314E35C1B3851AE0014D4FD;
			remoteInfo = CoreDataSample;
		};
/* End PBXContainerItemProxy section */

/* Begin PBXFileReference section */
		B314E35D1B3851AE0014D4FD /* CoreDataSample.app */ = {isa = PBXFileReference; explicitFileType = wrapper.application; includeInIndex = 0; path = CoreDataSample.app; sourceTree = BUILT_PRODUCTS_DIR; };
		B314E3611B3851AE0014D4FD /* Info.plist */ = {isa = PBXFileReference; lastKnownFileType = text.plist.xml; path = Info.plist; sourceTree = "<group>"; };
		B314E3621B3851AE0014D4FD /* AppDelegate.swift */ = {isa = PBXFileReference; lastKnownFileType = sourcecode.swift; path = AppDelegate.swift; sourceTree = "<group>"; };
		B314E3651B3851AE0014D4FD /* CoreDataSample.xcdatamodel */ = {isa = PBXFileReference; lastKnownFileType = wrapper.xcdatamodel; path = CoreDataSample.xcdatamodel; sourceTree = "<group>"; };
		B314E3671B3851AE0014D4FD /* ViewController.swift */ = {isa = PBXFileReference; lastKnownFileType = sourcecode.swift; path = ViewController.swift; sourceTree = "<group>"; };
		B314E36A1B3851AE0014D4FD /* Base */ = {isa = PBXFileReference; lastKnownFileType = file.storyboard; name = Base; path = Base.lproj/Main.storyboard; sourceTree = "<group>"; };
		B314E36C1B3851AE0014D4FD /* Images.xcassets */ = {isa = PBXFileReference; lastKnownFileType = folder.assetcatalog; path = Images.xcassets; sourceTree = "<group>"; };
		B314E36F1B3851AE0014D4FD /* Base */ = {isa = PBXFileReference; lastKnownFileType = file.xib; name = Base; path = Base.lproj/LaunchScreen.xib; sourceTree = "<group>"; };
		B314E3751B3851AE0014D4FD /* CoreDataSampleTests.xctest */ = {isa = PBXFileReference; explicitFileType = wrapper.cfbundle; includeInIndex = 0; path = CoreDataSampleTests.xctest; sourceTree = BUILT_PRODUCTS_DIR; };
		B314E37A1B3851AE0014D4FD /* Info.plist */ = {isa = PBXFileReference; lastKnownFileType = text.plist.xml; path = Info.plist; sourceTree = "<group>"; };
		B314E37B1B3851AE0014D4FD /* CoreDataSampleTests.swift */ = {isa = PBXFileReference; lastKnownFileType = sourcecode.swift; path = CoreDataSampleTests.swift; sourceTree = "<group>"; };
		B314E3881B3855480014D4FD /* Memos.swift */ = {isa = PBXFileReference; fileEncoding = 4; lastKnownFileType = sourcecode.swift; path = Memos.swift; sourceTree = "<group>"; };
/* End PBXFileReference section */

/* Begin PBXFrameworksBuildPhase section */
		B314E35A1B3851AE0014D4FD /* Frameworks */ = {
			isa = PBXFrameworksBuildPhase;
			buildActionMask = 2147483647;
			files = (
			);
			runOnlyForDeploymentPostprocessing = 0;
		};
		B314E3721B3851AE0014D4FD /* Frameworks */ = {
			isa = PBXFrameworksBuildPhase;
			buildActionMask = 2147483647;
			files = (
			);
			runOnlyForDeploymentPostprocessing = 0;
		};
/* End PBXFrameworksBuildPhase section */

/* Begin PBXGroup section */
		B314E3541B3851AE0014D4FD = {
			isa = PBXGroup;
			children = (
				B314E35F1B3851AE0014D4FD /* CoreDataSample */,
				B314E3781B3851AE0014D4FD /* CoreDataSampleTests */,
				B314E35E1B3851AE0014D4FD /* Products */,
			);
			sourceTree = "<group>";
		};
		B314E35E1B3851AE0014D4FD /* Products */ = {
			isa = PBXGroup;
			children = (
				B314E35D1B3851AE0014D4FD /* CoreDataSample.app */,
				B314E3751B3851AE0014D4FD /* CoreDataSampleTests.xctest */,
			);
			name = Products;
			sourceTree = "<group>";
		};
		B314E35F1B3851AE0014D4FD /* CoreDataSample */ = {
			isa = PBXGroup;
			children = (
				B314E3881B3855480014D4FD /* Memos.swift */,
				B314E3621B3851AE0014D4FD /* AppDelegate.swift */,
				B314E3671B3851AE0014D4FD /* ViewController.swift */,
				B314E3691B3851AE0014D4FD /* Main.storyboard */,
				B314E36C1B3851AE0014D4FD /* Images.xcassets */,
				B314E36E1B3851AE0014D4FD /* LaunchScreen.xib */,
				B314E3641B3851AE0014D4FD /* CoreDataSample.xcdatamodeld */,
				B314E3601B3851AE0014D4FD /* Supporting Files */,
			);
			path = CoreDataSample;
			sourceTree = "<group>";
		};
		B314E3601B3851AE0014D4FD /* Supporting Files */ = {
			isa = PBXGroup;
			children = (
				B314E3611B3851AE0014D4FD /* Info.plist */,
			);
			name = "Supporting Files";
			sourceTree = "<group>";
		};
		B314E3781B3851AE0014D4FD /* CoreDataSampleTests */ = {
			isa = PBXGroup;
			children = (
				B314E37B1B3851AE0014D4FD /* CoreDataSampleTests.swift */,
				B314E3791B3851AE0014D4FD /* Supporting Files */,
			);
			path = CoreDataSampleTests;
			sourceTree = "<group>";
		};
		B314E3791B3851AE0014D4FD /* Supporting Files */ = {
			isa = PBXGroup;
			children = (
				B314E37A1B3851AE0014D4FD /* Info.plist */,
			);
			name = "Supporting Files";
			sourceTree = "<group>";
		};
/* End PBXGroup section */

/* Begin PBXNativeTarget section */
		B314E35C1B3851AE0014D4FD /* CoreDataSample */ = {
			isa = PBXNativeTarget;
			buildConfigurationList = B314E37F1B3851AE0014D4FD /* Build configuration list for PBXNativeTarget "CoreDataSample" */;
			buildPhases = (
				B314E3591B3851AE0014D4FD /* Sources */,
				B314E35A1B3851AE0014D4FD /* Frameworks */,
				B314E35B1B3851AE0014D4FD /* Resources */,
			);
			buildRules = (
			);
			dependencies = (
			);
			name = CoreDataSample;
			productName = CoreDataSample;
			productReference = B314E35D1B3851AE0014D4FD /* CoreDataSample.app */;
			productType = "com.apple.product-type.application";
		};
		B314E3741B3851AE0014D4FD /* CoreDataSampleTests */ = {
			isa = PBXNativeTarget;
			buildConfigurationList = B314E3821B3851AE0014D4FD /* Build configuration list for PBXNativeTarget "CoreDataSampleTests" */;
			buildPhases = (
				B314E3711B3851AE0014D4FD /* Sources */,
				B314E3721B3851AE0014D4FD /* Frameworks */,
				B314E3731B3851AE0014D4FD /* Resources */,
			);
			buildRules = (
			);
			dependencies = (
				B314E3771B3851AE0014D4FD /* PBXTargetDependency */,
			);
			name = CoreDataSampleTests;
			productName = CoreDataSampleTests;
			productReference = B314E3751B3851AE0014D4FD /* CoreDataSampleTests.xctest */;
			productType = "com.apple.product-type.bundle.unit-test";
		};
/* End PBXNativeTarget section */

/* Begin PBXProject section */
		B314E3551B3851AE0014D4FD /* Project object */ = {
			isa = PBXProject;
			attributes = {
				LastUpgradeCheck = 0630;
				ORGANIZATIONNAME = "shinobu okano";
				TargetAttributes = {
					B314E35C1B3851AE0014D4FD = {
						CreatedOnToolsVersion = 6.3.1;
					};
					B314E3741B3851AE0014D4FD = {
						CreatedOnToolsVersion = 6.3.1;
						TestTargetID = B314E35C1B3851AE0014D4FD;
					};
				};
			};
			buildConfigurationList = B314E3581B3851AE0014D4FD /* Build configuration list for PBXProject "CoreDataSample" */;
			compatibilityVersion = "Xcode 3.2";
			developmentRegion = English;
			hasScannedForEncodings = 0;
			knownRegions = (
				en,
				Base,
			);
			mainGroup = B314E3541B3851AE0014D4FD;
			productRefGroup = B314E35E1B3851AE0014D4FD /* Products */;
			projectDirPath = "";
			projectRoot = "";
			targets = (
				B314E35C1B3851AE0014D4FD /* CoreDataSample */,
				B314E3741B3851AE0014D4FD /* CoreDataSampleTests */,
			);
		};
/* End PBXProject section */

/* Begin PBXResourcesBuildPhase section */
		B314E35B1B3851AE0014D4FD /* Resources */ = {
			isa = PBXResourcesBuildPhase;
			buildActionMask = 2147483647;
			files = (
				B314E36B1B3851AE0014D4FD /* Main.storyboard in Resources */,
				B314E3701B3851AE0014D4FD /* LaunchScreen.xib in Resources */,
				B314E36D1B3851AE0014D4FD /* Images.xcassets in Resources */,
			);
			runOnlyForDeploymentPostprocessing = 0;
		};
		B314E3731B3851AE0014D4FD /* Resources */ = {
			isa = PBXResourcesBuildPhase;
			buildActionMask = 2147483647;
			files = (
			);
			runOnlyForDeploymentPostprocessing = 0;
		};
/* End PBXResourcesBuildPhase section */

/* Begin PBXSourcesBuildPhase section */
		B314E3591B3851AE0014D4FD /* Sources */ = {
			isa = PBXSourcesBuildPhase;
			buildActionMask = 2147483647;
			files = (
				B314E3681B3851AE0014D4FD /* ViewController.swift in Sources */,
				B314E3661B3851AE0014D4FD /* CoreDataSample.xcdatamodeld in Sources */,
				B314E3631B3851AE0014D4FD /* AppDelegate.swift in Sources */,
				B314E3891B3855480014D4FD /* Memos.swift in Sources */,
			);
			runOnlyForDeploymentPostprocessing = 0;
		};
		B314E3711B3851AE0014D4FD /* Sources */ = {
			isa = PBXSourcesBuildPhase;
			buildActionMask = 2147483647;
			files = (
				B314E37C1B3851AE0014D4FD /* CoreDataSampleTests.swift in Sources */,
			);
			runOnlyForDeploymentPostprocessing = 0;
		};
/* End PBXSourcesBuildPhase section */

/* Begin PBXTargetDependency section */
		B314E3771B3851AE0014D4FD /* PBXTargetDependency */ = {
			isa = PBXTargetDependency;
			target = B314E35C1B3851AE0014D4FD /* CoreDataSample */;
			targetProxy = B314E3761B3851AE0014D4FD /* PBXContainerItemProxy */;
		};
/* End PBXTargetDependency section */

/* Begin PBXVariantGroup section */
		B314E3691B3851AE0014D4FD /* Main.storyboard */ = {
			isa = PBXVariantGroup;
			children = (
				B314E36A1B3851AE0014D4FD /* Base */,
			);
			name = Main.storyboard;
			sourceTree = "<group>";
		};
		B314E36E1B3851AE0014D4FD /* LaunchScreen.xib */ = {
			isa = PBXVariantGroup;
			children = (
				B314E36F1B3851AE0014D4FD /* Base */,
			);
			name = LaunchScreen.xib;
			sourceTree = "<group>";
		};
/* End PBXVariantGroup section */

/* Begin XCBuildConfiguration section */
		B314E37D1B3851AE0014D4FD /* Debug */ = {
			isa = XCBuildConfiguration;
			buildSettings = {
				ALWAYS_SEARCH_USER_PATHS = NO;
				CLANG_CXX_LANGUAGE_STANDARD = "gnu++0x";
				CLANG_CXX_LIBRARY = "libc++";
				CLANG_ENABLE_MODULES = YES;
				CLANG_ENABLE_OBJC_ARC = YES;
				CLANG_WARN_BOOL_CONVERSION = YES;
				CLANG_WARN_CONSTANT_CONVERSION = YES;
				CLANG_WARN_DIRECT_OBJC_ISA_USAGE = YES_ERROR;
				CLANG_WARN_EMPTY_BODY = YES;
				CLANG_WARN_ENUM_CONVERSION = YES;
				CLANG_WARN_INT_CONVERSION = YES;
				CLANG_WARN_OBJC_ROOT_CLASS = YES_ERROR;
				CLANG_WARN_UNREACHABLE_CODE = YES;
				CLANG_WARN__DUPLICATE_METHOD_MATCH = YES;
				"CODE_SIGN_IDENTITY[sdk=iphoneos*]" = "iPhone Developer";
				COPY_PHASE_STRIP = NO;
				DEBUG_INFORMATION_FORMAT = "dwarf-with-dsym";
				ENABLE_STRICT_OBJC_MSGSEND = YES;
				GCC_C_LANGUAGE_STANDARD = gnu99;
				GCC_DYNAMIC_NO_PIC = NO;
				GCC_NO_COMMON_BLOCKS = YES;
				GCC_OPTIMIZATION_LEVEL = 0;
				GCC_PREPROCESSOR_DEFINITIONS = (
					"DEBUG=1",
					"$(inherited)",
				);
				GCC_SYMBOLS_PRIVATE_EXTERN = NO;
				GCC_WARN_64_TO_32_BIT_CONVERSION = YES;
				GCC_WARN_ABOUT_RETURN_TYPE = YES_ERROR;
				GCC_WARN_UNDECLARED_SELECTOR = YES;
				GCC_WARN_UNINITIALIZED_AUTOS = YES_AGGRESSIVE;
				GCC_WARN_UNUSED_FUNCTION = YES;
				GCC_WARN_UNUSED_VARIABLE = YES;
				IPHONEOS_DEPLOYMENT_TARGET = 8.3;
				MTL_ENABLE_DEBUG_INFO = YES;
				ONLY_ACTIVE_ARCH = YES;
				SDKROOT = iphoneos;
				SWIFT_OPTIMIZATION_LEVEL = "-Onone";
			};
			name = Debug;
		};
		B314E37E1B3851AE0014D4FD /* Release */ = {
			isa = XCBuildConfiguration;
			buildSettings = {
				ALWAYS_SEARCH_USER_PATHS = NO;
				CLANG_CXX_LANGUAGE_STANDARD = "gnu++0x";
				CLANG_CXX_LIBRARY = "libc++";
				CLANG_ENABLE_MODULES = YES;
				CLANG_ENABLE_OBJC_ARC = YES;
				CLANG_WARN_BOOL_CONVERSION = YES;
				CLANG_WARN_CONSTANT_CONVERSION = YES;
				CLANG_WARN_DIRECT_OBJC_ISA_USAGE = YES_ERROR;
				CLANG_WARN_EMPTY_BODY = YES;
				CLANG_WARN_ENUM_CONVERSION = YES;
				CLANG_WARN_INT_CONVERSION = YES;
				CLANG_WARN_OBJC_ROOT_CLASS = YES_ERROR;
				CLANG_WARN_UNREACHABLE_CODE = YES;
				CLANG_WARN__DUPLICATE_METHOD_MATCH = YES;
				"CODE_SIGN_IDENTITY[sdk=iphoneos*]" = "iPhone Developer";
				COPY_PHASE_STRIP = NO;
				DEBUG_INFORMATION_FORMAT = "dwarf-with-dsym";
				ENABLE_NS_ASSERTIONS = NO;
				ENABLE_STRICT_OBJC_MSGSEND = YES;
				GCC_C_LANGUAGE_STANDARD = gnu99;
				GCC_NO_COMMON_BLOCKS = YES;
				GCC_WARN_64_TO_32_BIT_CONVERSION = YES;
				GCC_WARN_ABOUT_RETURN_TYPE = YES_ERROR;
				GCC_WARN_UNDECLARED_SELECTOR = YES;
				GCC_WARN_UNINITIALIZED_AUTOS = YES_AGGRESSIVE;
				GCC_WARN_UNUSED_FUNCTION = YES;
				GCC_WARN_UNUSED_VARIABLE = YES;
				IPHONEOS_DEPLOYMENT_TARGET = 8.3;
				MTL_ENABLE_DEBUG_INFO = NO;
				SDKROOT = iphoneos;
				VALIDATE_PRODUCT = YES;
			};
			name = Release;
		};
		B314E3801B3851AE0014D4FD /* Debug */ = {
			isa = XCBuildConfiguration;
			buildSettings = {
				ASSETCATALOG_COMPILER_APPICON_NAME = AppIcon;
				INFOPLIST_FILE = CoreDataSample/Info.plist;
				LD_RUNPATH_SEARCH_PATHS = "$(inherited) @executable_path/Frameworks";
				PRODUCT_NAME = "$(TARGET_NAME)";
			};
			name = Debug;
		};
		B314E3811B3851AE0014D4FD /* Release */ = {
			isa = XCBuildConfiguration;
			buildSettings = {
				ASSETCATALOG_COMPILER_APPICON_NAME = AppIcon;
				INFOPLIST_FILE = CoreDataSample/Info.plist;
				LD_RUNPATH_SEARCH_PATHS = "$(inherited) @executable_path/Frameworks";
				PRODUCT_NAME = "$(TARGET_NAME)";
			};
			name = Release;
		};
		B314E3831B3851AE0014D4FD /* Debug */ = {
			isa = XCBuildConfiguration;
			buildSettings = {
				BUNDLE_LOADER = "$(TEST_HOST)";
				FRAMEWORK_SEARCH_PATHS = (
					"$(SDKROOT)/Developer/Library/Frameworks",
					"$(inherited)",
				);
				GCC_PREPROCESSOR_DEFINITIONS = (
					"DEBUG=1",
					"$(inherited)",
				);
				INFOPLIST_FILE = CoreDataSampleTests/Info.plist;
				LD_RUNPATH_SEARCH_PATHS = "$(inherited) @executable_path/Frameworks @loader_path/Frameworks";
				PRODUCT_NAME = "$(TARGET_NAME)";
				TEST_HOST = "$(BUILT_PRODUCTS_DIR)/CoreDataSample.app/CoreDataSample";
			};
			name = Debug;
		};
		B314E3841B3851AE0014D4FD /* Release */ = {
			isa = XCBuildConfiguration;
			buildSettings = {
				BUNDLE_LOADER = "$(TEST_HOST)";
				FRAMEWORK_SEARCH_PATHS = (
					"$(SDKROOT)/Developer/Library/Frameworks",
					"$(inherited)",
				);
				INFOPLIST_FILE = CoreDataSampleTests/Info.plist;
				LD_RUNPATH_SEARCH_PATHS = "$(inherited) @executable_path/Frameworks @loader_path/Frameworks";
				PRODUCT_NAME = "$(TARGET_NAME)";
				TEST_HOST = "$(BUILT_PRODUCTS_DIR)/CoreDataSample.app/CoreDataSample";
			};
			name = Release;
		};
/* End XCBuildConfiguration section */

/* Begin XCConfigurationList section */
		B314E3581B3851AE0014D4FD /* Build configuration list for PBXProject "CoreDataSample" */ = {
			isa = XCConfigurationList;
			buildConfigurations = (
				B314E37D1B3851AE0014D4FD /* Debug */,
				B314E37E1B3851AE0014D4FD /* Release */,
			);
			defaultConfigurationIsVisible = 0;
			defaultConfigurationName = Release;
		};
		B314E37F1B3851AE0014D4FD /* Build configuration list for PBXNativeTarget "CoreDataSample" */ = {
			isa = XCConfigurationList;
			buildConfigurations = (
				B314E3801B3851AE0014D4FD /* Debug */,
				B314E3811B3851AE0014D4FD /* Release */,
			);
			defaultConfigurationIsVisible = 0;
		};
		B314E3821B3851AE0014D4FD /* Build configuration list for PBXNativeTarget "CoreDataSampleTests" */ = {
			isa = XCConfigurationList;
			buildConfigurations = (
				B314E3831B3851AE0014D4FD /* Debug */,
				B314E3841B3851AE0014D4FD /* Release */,
			);
			defaultConfigurationIsVisible = 0;
		};
/* End XCConfigurationList section */

/* Begin XCVersionGroup section */
		B314E3641B3851AE0014D4FD /* CoreDataSample.xcdatamodeld */ = {
			isa = XCVersionGroup;
			children = (
				B314E3651B3851AE0014D4FD /* CoreDataSample.xcdatamodel */,
			);
			currentVersion = B314E3651B3851AE0014D4FD /* CoreDataSample.xcdatamodel */;
			path = CoreDataSample.xcdatamodeld;
			sourceTree = "<group>";
			versionGroupType = wrapper.xcdatamodel;
		};
/* End XCVersionGroup section */
	};
	rootObject = B314E3551B3851AE0014D4FD /* Project object */;
}
